{
  "name": "htmz-be",
  "version": "0.0.0",
  "lockfileVersion": 3,
  "requires": true,
  "packages": {
    "": {
      "name": "htmz-be",
      "version": "0.0.0",
      "license": "ISC",
      "dependencies": {
        "morphdom": "^2.7.7"
      }
    },
    "node_modules/morphdom": {
      "version": "2.7.7",
      "resolved": "https://registry.npmjs.org/morphdom/-/morphdom-2.7.7.tgz",
      "integrity": "sha512-04GmsiBcalrSCNmzfo+UjU8tt3PhZJKzcOy+r1FlGA7/zri8wre3I1WkYN9PT3sIeIKfW9bpyElA+VzOg2E24g==",
      "license": "MIT"
    }
  }
}
